
Microsoft Visual Studio Solution File, Format Version 12.00
# Visual Studio 15
VisualStudioVersion = 15.0.27703.2018
MinimumVisualStudioVersion = 10.0.40219.1
Project("{FAE04EC0-301F-11D3-BF4B-00C04F79EFBC}") = "CongDoan.Common", "CongDoan.Common\CongDoan.Common.csproj", "{715991A1-2197-472C-9635-72551DFBA66E}"
EndProject
Project("{FAE04EC0-301F-11D3-BF4B-00C04F79EFBC}") = "CongDoan.Model", "CongDoan.Model\CongDoan.Model.csproj", "{76E69C0B-530D-4BE7-B7D8-4C1B98938D4C}"
EndProject
Project("{FAE04EC0-301F-11D3-BF4B-00C04F79EFBC}") = "CongDoan.Service", "CongDoan.Service\CongDoan.Service.csproj", "{35B111CE-3A6E-4C84-9C96-EA9739C6164F}"
EndProject
Project("{FAE04EC0-301F-11D3-BF4B-00C04F79EFBC}") = "CongDoan.Data", "CongDoan.Data\CongDoan.Data.csproj", "{9BE8DF38-2FDE-4490-AB1E-615B7D4DC027}"
EndProject
Project("{FAE04EC0-301F-11D3-BF4B-00C04F79EFBC}") = "CongDoan.UnitTest", "CongDoan.UnitTest\CongDoan.UnitTest.csproj", "{CED20F39-5AC4-4D99-983F-B58727AA200F}"
EndProject
Project("{FAE04EC0-301F-11D3-BF4B-00C04F79EFBC}") = "CongDoan.Web", "CongDoan.Web\CongDoan.Web.csproj", "{7B2E70CF-03FE-4B69-9A19-81E58467FE9E}"
EndProject
Global
	GlobalSection(SolutionConfigurationPlatforms) = preSolution
		Debug|Any CPU = Debug|Any CPU
		Release|Any CPU = Release|Any CPU
	EndGlobalSection
	GlobalSection(ProjectConfigurationPlatforms) = postSolution
		{715991A1-2197-472C-9635-72551DFBA66E}.Debug|Any CPU.ActiveCfg = Debug|Any CPU
		{715991A1-2197-472C-9635-72551DFBA66E}.Debug|Any CPU.Build.0 = Debug|Any CPU
		{715991A1-2197-472C-9635-72551DFBA66E}.Release|Any CPU.ActiveCfg = Release|Any CPU
		{715991A1-2197-472C-9635-72551DFBA66E}.Release|Any CPU.Build.0 = Release|Any CPU
		{76E69C0B-530D-4BE7-B7D8-4C1B98938D4C}.Debug|Any CPU.ActiveCfg = Debug|Any CPU
		{76E69C0B-530D-4BE7-B7D8-4C1B98938D4C}.Debug|Any CPU.Build.0 = Debug|Any CPU
		{76E69C0B-530D-4BE7-B7D8-4C1B98938D4C}.Release|Any CPU.ActiveCfg = Release|Any CPU
		{76E69C0B-530D-4BE7-B7D8-4C1B98938D4C}.Release|Any CPU.Build.0 = Release|Any CPU
		{35B111CE-3A6E-4C84-9C96-EA9739C6164F}.Debug|Any CPU.ActiveCfg = Debug|Any CPU
		{35B111CE-3A6E-4C84-9C96-EA9739C6164F}.Debug|Any CPU.Build.0 = Debug|Any CPU
		{35B111CE-3A6E-4C84-9C96-EA9739C6164F}.Release|Any CPU.ActiveCfg = Release|Any CPU
		{35B111CE-3A6E-4C84-9C96-EA9739C6164F}.Release|Any CPU.Build.0 = Release|Any CPU
		{9BE8DF38-2FDE-4490-AB1E-615B7D4DC027}.Debug|Any CPU.ActiveCfg = Debug|Any CPU
		{9BE8DF38-2FDE-4490-AB1E-615B7D4DC027}.Debug|Any CPU.Build.0 = Debug|Any CPU
		{9BE8DF38-2FDE-4490-AB1E-615B7D4DC027}.Release|Any CPU.ActiveCfg = Release|Any CPU
		{9BE8DF38-2FDE-4490-AB1E-615B7D4DC027}.Release|Any CPU.Build.0 = Release|Any CPU
		{CED20F39-5AC4-4D99-983F-B58727AA200F}.Debug|Any CPU.ActiveCfg = Debug|Any CPU
		{CED20F39-5AC4-4D99-983F-B58727AA200F}.Debug|Any CPU.Build.0 = Debug|Any CPU
		{CED20F39-5AC4-4D99-983F-B58727AA200F}.Release|Any CPU.ActiveCfg = Release|Any CPU
		{CED20F39-5AC4-4D99-983F-B58727AA200F}.Release|Any CPU.Build.0 = Release|Any CPU
		{7B2E70CF-03FE-4B69-9A19-81E58467FE9E}.Debug|Any CPU.ActiveCfg = Debug|Any CPU
		{7B2E70CF-03FE-4B69-9A19-81E58467FE9E}.Debug|Any CPU.Build.0 = Debug|Any CPU
		{7B2E70CF-03FE-4B69-9A19-81E58467FE9E}.Release|Any CPU.ActiveCfg = Release|Any CPU
		{7B2E70CF-03FE-4B69-9A19-81E58467FE9E}.Release|Any CPU.Build.0 = Release|Any CPU
	EndGlobalSection
	GlobalSection(SolutionProperties) = preSolution
		HideSolutionNode = FALSE
	EndGlobalSection
	GlobalSection(ExtensibilityGlobals) = postSolution
		SolutionGuid = {33C0C47B-E666-4C60-BA00-B490C6E2C383}
	EndGlobalSection
EndGlobal
